
Microsoft Visual Studio Solution File, Format Version 12.00
# Visual Studio Version 16
VisualStudioVersion = 16.0.31424.327
MinimumVisualStudioVersion = 10.0.40219.1
Project("{FAE04EC0-301F-11D3-BF4B-00C04F79EFBC}") = "02.Snake", "02.Snake\02.Snake.csproj", "{7C3D541D-B125-47A4-A6BF-012D3FC990BF}"
EndProject
Global
	GlobalSection(SolutionConfigurationPlatforms) = preSolution
		Debug|Any CPU = Debug|Any CPU
		Release|Any CPU = Release|Any CPU
	EndGlobalSection
	GlobalSection(ProjectConfigurationPlatforms) = postSolution
		{7C3D541D-B125-47A4-A6BF-012D3FC990BF}.Debug|Any CPU.ActiveCfg = Debug|Any CPU
		{7C3D541D-B125-47A4-A6BF-012D3FC990BF}.Debug|Any CPU.Build.0 = Debug|Any CPU
		{7C3D541D-B125-47A4-A6BF-012D3FC990BF}.Release|Any CPU.ActiveCfg = Release|Any CPU
		{7C3D541D-B125-47A4-A6BF-012D3FC990BF}.Release|Any CPU.Build.0 = Release|Any CPU
	EndGlobalSection
	GlobalSection(SolutionProperties) = preSolution
		HideSolutionNode = FALSE
	EndGlobalSection
	GlobalSection(ExtensibilityGlobals) = postSolution
		SolutionGuid = {3AEF4691-7E4D-4823-BFFE-2E042AA17C3A}
	EndGlobalSection
EndGlobal
